
Microsoft Visual Studio Solution File, Format Version 12.00
Project("{FAE04EC0-301F-11D3-BF4B-00C04F79EFBC}") = "Benchmarks", "Benchmarks\Benchmarks.csproj", "{C8EDE819-8586-4CDE-A2AA-08D1E6D393F8}"
EndProject
Project("{F2A71F9B-5D33-465A-A702-920D77279786}") = "FsTests", "FsTests\FsTests.fsproj", "{8C3D9C22-E03F-4C7A-9AD7-6FC1E3287CA5}"
EndProject
Global
	GlobalSection(SolutionConfigurationPlatforms) = preSolution
		Debug|Any CPU = Debug|Any CPU
		Release|Any CPU = Release|Any CPU
	EndGlobalSection
	GlobalSection(ProjectConfigurationPlatforms) = postSolution
		{C8EDE819-8586-4CDE-A2AA-08D1E6D393F8}.Debug|Any CPU.ActiveCfg = Debug|Any CPU
		{C8EDE819-8586-4CDE-A2AA-08D1E6D393F8}.Debug|Any CPU.Build.0 = Debug|Any CPU
		{C8EDE819-8586-4CDE-A2AA-08D1E6D393F8}.Release|Any CPU.ActiveCfg = Release|Any CPU
		{C8EDE819-8586-4CDE-A2AA-08D1E6D393F8}.Release|Any CPU.Build.0 = Release|Any CPU
		{8C3D9C22-E03F-4C7A-9AD7-6FC1E3287CA5}.Debug|Any CPU.ActiveCfg = Debug|Any CPU
		{8C3D9C22-E03F-4C7A-9AD7-6FC1E3287CA5}.Debug|Any CPU.Build.0 = Debug|Any CPU
		{8C3D9C22-E03F-4C7A-9AD7-6FC1E3287CA5}.Release|Any CPU.ActiveCfg = Release|Any CPU
		{8C3D9C22-E03F-4C7A-9AD7-6FC1E3287CA5}.Release|Any CPU.Build.0 = Release|Any CPU
	EndGlobalSection
EndGlobal
